// !$*UTF8*$!
{
	archiveVersion = 1;
	classes = {
	};
	objectVersion = 50;
	objects = {

/* Begin PBXBuildFile section */
		C5481AB823F1FC3400FBCBC8 /* AppDelegate.swift in Sources */ = {isa = PBXBuildFile; fileRef = C5481AB723F1FC3400FBCBC8 /* AppDelegate.swift */; };
		C5481ABA23F1FC3400FBCBC8 /* SceneDelegate.swift in Sources */ = {isa = PBXBuildFile; fileRef = C5481AB923F1FC3400FBCBC8 /* SceneDelegate.swift */; };
		C5481ABC23F1FC3400FBCBC8 /* ContentView.swift in Sources */ = {isa = PBXBuildFile; fileRef = C5481ABB23F1FC3400FBCBC8 /* ContentView.swift */; };
		C5481ABE23F1FC3400FBCBC8 /* Assets.xcassets in Resources */ = {isa = PBXBuildFile; fileRef = C5481ABD23F1FC3400FBCBC8 /* Assets.xcassets */; };
		C5481AC123F1FC3400FBCBC8 /* Preview Assets.xcassets in Resources */ = {isa = PBXBuildFile; fileRef = C5481AC023F1FC3400FBCBC8 /* Preview Assets.xcassets */; };
		C5481AC423F1FC3400FBCBC8 /* LaunchScreen.storyboard in Resources */ = {isa = PBXBuildFile; fileRef = C5481AC223F1FC3400FBCBC8 /* LaunchScreen.storyboard */; };
		C5481ACD23F2015D00FBCBC8 /* NetworkManager.swift in Sources */ = {isa = PBXBuildFile; fileRef = C5481ACC23F2015D00FBCBC8 /* NetworkManager.swift */; };
		C5481ACF23F204D100FBCBC8 /* PostData.swift in Sources */ = {isa = PBXBuildFile; fileRef = C5481ACE23F204D100FBCBC8 /* PostData.swift */; };
		C5610CF523F2ACFE003268E6 /* DetailView.swift in Sources */ = {isa = PBXBuildFile; fileRef = C5610CF423F2ACFE003268E6 /* DetailView.swift */; };
		C5610CF723F2B59C003268E6 /* WebView.swift in Sources */ = {isa = PBXBuildFile; fileRef = C5610CF623F2B59C003268E6 /* WebView.swift */; };
/* End PBXBuildFile section */

/* Begin PBXFileReference section */
		C5481AB423F1FC3400FBCBC8 /* H4X0R News.app */ = {isa = PBXFileReference; explicitFileType = wrapper.application; includeInIndex = 0; path = "H4X0R News.app"; sourceTree = BUILT_PRODUCTS_DIR; };
		C5481AB723F1FC3400FBCBC8 /* AppDelegate.swift */ = {isa = PBXFileReference; lastKnownFileType = sourcecode.swift; path = AppDelegate.swift; sourceTree = "<group>"; };
		C5481AB923F1FC3400FBCBC8 /* SceneDelegate.swift */ = {isa = PBXFileReference; lastKnownFileType = sourcecode.swift; path = SceneDelegate.swift; sourceTree = "<group>"; };
		C5481ABB23F1FC3400FBCBC8 /* ContentView.swift */ = {isa = PBXFileReference; lastKnownFileType = sourcecode.swift; path = ContentView.swift; sourceTree = "<group>"; };
		C5481ABD23F1FC3400FBCBC8 /* Assets.xcassets */ = {isa = PBXFileReference; lastKnownFileType = folder.assetcatalog; path = Assets.xcassets; sourceTree = "<group>"; };
		C5481AC023F1FC3400FBCBC8 /* Preview Assets.xcassets */ = {isa = PBXFileReference; lastKnownFileType = folder.assetcatalog; path = "Preview Assets.xcassets"; sourceTree = "<group>"; };
		C5481AC323F1FC3400FBCBC8 /* Base */ = {isa = PBXFileReference; lastKnownFileType = file.storyboard; name = Base; path = Base.lproj/LaunchScreen.storyboard; sourceTree = "<group>"; };
		C5481AC523F1FC3400FBCBC8 /* Info.plist */ = {isa = PBXFileReference; lastKnownFileType = text.plist.xml; path = Info.plist; sourceTree = "<group>"; };
		C5481ACC23F2015D00FBCBC8 /* NetworkManager.swift */ = {isa = PBXFileReference; lastKnownFileType = sourcecode.swift; path = NetworkManager.swift; sourceTree = "<group>"; };
		C5481ACE23F204D100FBCBC8 /* PostData.swift */ = {isa = PBXFileReference; lastKnownFileType = sourcecode.swift; path = PostData.swift; sourceTree = "<group>"; };
		C5610CF423F2ACFE003268E6 /* DetailView.swift */ = {isa = PBXFileReference; lastKnownFileType = sourcecode.swift; path = DetailView.swift; sourceTree = "<group>"; };
		C5610CF623F2B59C003268E6 /* WebView.swift */ = {isa = PBXFileReference; lastKnownFileType = sourcecode.swift; path = WebView.swift; sourceTree = "<group>"; };
		C5610CF823F2B849003268E6 /* H4X0R News.entitlements */ = {isa = PBXFileReference; lastKnownFileType = text.plist.entitlements; path = "H4X0R News.entitlements"; sourceTree = "<group>"; };
/* End PBXFileReference section */

/* Begin PBXFrameworksBuildPhase section */
		C5481AB123F1FC3400FBCBC8 /* Frameworks */ = {
			isa = PBXFrameworksBuildPhase;
			buildActionMask = 2147483647;
			files = (
			);
			runOnlyForDeploymentPostprocessing = 0;
		};
/* End PBXFrameworksBuildPhase section */

/* Begin PBXGroup section */
		C5481AAB23F1FC3400FBCBC8 = {
			isa = PBXGroup;
			children = (
				C5481AB623F1FC3400FBCBC8 /* H4X0R News */,
				C5481AB523F1FC3400FBCBC8 /* Products */,
			);
			sourceTree = "<group>";
		};
		C5481AB523F1FC3400FBCBC8 /* Products */ = {
			isa = PBXGroup;
			children = (
				C5481AB423F1FC3400FBCBC8 /* H4X0R News.app */,
			);
			name = Products;
			sourceTree = "<group>";
		};
		C5481AB623F1FC3400FBCBC8 /* H4X0R News */ = {
			isa = PBXGroup;
			children = (
				C5610CF823F2B849003268E6 /* H4X0R News.entitlements */,
				C5481AB723F1FC3400FBCBC8 /* AppDelegate.swift */,
				C5481AB923F1FC3400FBCBC8 /* SceneDelegate.swift */,
				C5610CF323F2ACCA003268E6 /* Views */,
				C5481ACB23F2012A00FBCBC8 /* Models */,
				C5481ABD23F1FC3400FBCBC8 /* Assets.xcassets */,
				C5481AC223F1FC3400FBCBC8 /* LaunchScreen.storyboard */,
				C5481AC523F1FC3400FBCBC8 /* Info.plist */,
				C5481ABF23F1FC3400FBCBC8 /* Preview Content */,
			);
			path = "H4X0R News";
			sourceTree = "<group>";
		};
		C5481ABF23F1FC3400FBCBC8 /* Preview Content */ = {
			isa = PBXGroup;
			children = (
				C5481AC023F1FC3400FBCBC8 /* Preview Assets.xcassets */,
			);
			path = "Preview Content";
			sourceTree = "<group>";
		};
		C5481ACB23F2012A00FBCBC8 /* Models */ = {
			isa = PBXGroup;
			children = (
				C5481ACC23F2015D00FBCBC8 /* NetworkManager.swift */,
				C5481ACE23F204D100FBCBC8 /* PostData.swift */,
			);
			path = Models;
			sourceTree = "<group>";
		};
		C5610CF323F2ACCA003268E6 /* Views */ = {
			isa = PBXGroup;
			children = (
				C5481ABB23F1FC3400FBCBC8 /* ContentView.swift */,
				C5610CF423F2ACFE003268E6 /* DetailView.swift */,
				C5610CF623F2B59C003268E6 /* WebView.swift */,
			);
			path = Views;
			sourceTree = "<group>";
		};
/* End PBXGroup section */

/* Begin PBXNativeTarget section */
		C5481AB323F1FC3400FBCBC8 /* H4X0R News */ = {
			isa = PBXNativeTarget;
			buildConfigurationList = C5481AC823F1FC3400FBCBC8 /* Build configuration list for PBXNativeTarget "H4X0R News" */;
			buildPhases = (
				C5481AB023F1FC3400FBCBC8 /* Sources */,
				C5481AB123F1FC3400FBCBC8 /* Frameworks */,
				C5481AB223F1FC3400FBCBC8 /* Resources */,
			);
			buildRules = (
			);
			dependencies = (
			);
			name = "H4X0R News";
			productName = "H4X0R News";
			productReference = C5481AB423F1FC3400FBCBC8 /* H4X0R News.app */;
			productType = "com.apple.product-type.application";
		};
/* End PBXNativeTarget section */

/* Begin PBXProject section */
		C5481AAC23F1FC3400FBCBC8 /* Project object */ = {
			isa = PBXProject;
			attributes = {
				LastSwiftUpdateCheck = 1130;
				LastUpgradeCheck = 1130;
				ORGANIZATIONNAME = "mohammed abdulla kadib";
				TargetAttributes = {
					C5481AB323F1FC3400FBCBC8 = {
						CreatedOnToolsVersion = 11.3;
					};
				};
			};
			buildConfigurationList = C5481AAF23F1FC3400FBCBC8 /* Build configuration list for PBXProject "H4X0R News" */;
			compatibilityVersion = "Xcode 9.3";
			developmentRegion = en;
			hasScannedForEncodings = 0;
			knownRegions = (
				en,
				Base,
			);
			mainGroup = C5481AAB23F1FC3400FBCBC8;
			productRefGroup = C5481AB523F1FC3400FBCBC8 /* Products */;
			projectDirPath = "";
			projectRoot = "";
			targets = (
				C5481AB323F1FC3400FBCBC8 /* H4X0R News */,
			);
		};
/* End PBXProject section */

/* Begin PBXResourcesBuildPhase section */
		C5481AB223F1FC3400FBCBC8 /* Resources */ = {
			isa = PBXResourcesBuildPhase;
			buildActionMask = 2147483647;
			files = (
				C5481AC423F1FC3400FBCBC8 /* LaunchScreen.storyboard in Resources */,
				C5481AC123F1FC3400FBCBC8 /* Preview Assets.xcassets in Resources */,
				C5481ABE23F1FC3400FBCBC8 /* Assets.xcassets in Resources */,
			);
			runOnlyForDeploymentPostprocessing = 0;
		};
/* End PBXResourcesBuildPhase section */

/* Begin PBXSourcesBuildPhase section */
		C5481AB023F1FC3400FBCBC8 /* Sources */ = {
			isa = PBXSourcesBuildPhase;
			buildActionMask = 2147483647;
			files = (
				C5481ACF23F204D100FBCBC8 /* PostData.swift in Sources */,
				C5610CF523F2ACFE003268E6 /* DetailView.swift in Sources */,
				C5481ACD23F2015D00FBCBC8 /* NetworkManager.swift in Sources */,
				C5481AB823F1FC3400FBCBC8 /* AppDelegate.swift in Sources */,
				C5481ABA23F1FC3400FBCBC8 /* SceneDelegate.swift in Sources */,
				C5481ABC23F1FC3400FBCBC8 /* ContentView.swift in Sources */,
				C5610CF723F2B59C003268E6 /* WebView.swift in Sources */,
			);
			runOnlyForDeploymentPostprocessing = 0;
		};
/* End PBXSourcesBuildPhase section */

/* Begin PBXVariantGroup section */
		C5481AC223F1FC3400FBCBC8 /* LaunchScreen.storyboard */ = {
			isa = PBXVariantGroup;
			children = (
				C5481AC323F1FC3400FBCBC8 /* Base */,
			);
			name = LaunchScreen.storyboard;
			sourceTree = "<group>";
		};
/* End PBXVariantGroup section */

/* Begin XCBuildConfiguration section */
		C5481AC623F1FC3400FBCBC8 /* Debug */ = {
			isa = XCBuildConfiguration;
			buildSettings = {
				ALWAYS_SEARCH_USER_PATHS = NO;
				CLANG_ANALYZER_NONNULL = YES;
				CLANG_ANALYZER_NUMBER_OBJECT_CONVERSION = YES_AGGRESSIVE;
				CLANG_CXX_LANGUAGE_STANDARD = "gnu++14";
				CLANG_CXX_LIBRARY = "libc++";
				CLANG_ENABLE_MODULES = YES;
				CLANG_ENABLE_OBJC_ARC = YES;
				CLANG_ENABLE_OBJC_WEAK = YES;
				CLANG_WARN_BLOCK_CAPTURE_AUTORELEASING = YES;
				CLANG_WARN_BOOL_CONVERSION = YES;
				CLANG_WARN_COMMA = YES;
				CLANG_WARN_CONSTANT_CONVERSION = YES;
				CLANG_WARN_DEPRECATED_OBJC_IMPLEMENTATIONS = YES;
				CLANG_WARN_DIRECT_OBJC_ISA_USAGE = YES_ERROR;
				CLANG_WARN_DOCUMENTATION_COMMENTS = YES;
				CLANG_WARN_EMPTY_BODY = YES;
				CLANG_WARN_ENUM_CONVERSION = YES;
				CLANG_WARN_INFINITE_RECURSION = YES;
				CLANG_WARN_INT_CONVERSION = YES;
				CLANG_WARN_NON_LITERAL_NULL_CONVERSION = YES;
				CLANG_WARN_OBJC_IMPLICIT_RETAIN_SELF = YES;
				CLANG_WARN_OBJC_LITERAL_CONVERSION = YES;
				CLANG_WARN_OBJC_ROOT_CLASS = YES_ERROR;
				CLANG_WARN_RANGE_LOOP_ANALYSIS = YES;
				CLANG_WARN_STRICT_PROTOTYPES = YES;
				CLANG_WARN_SUSPICIOUS_MOVE = YES;
				CLANG_WARN_UNGUARDED_AVAILABILITY = YES_AGGRESSIVE;
				CLANG_WARN_UNREACHABLE_CODE = YES;
				CLANG_WARN__DUPLICATE_METHOD_MATCH = YES;
				COPY_PHASE_STRIP = NO;
				DEBUG_INFORMATION_FORMAT = dwarf;
				ENABLE_STRICT_OBJC_MSGSEND = YES;
				ENABLE_TESTABILITY = YES;
				GCC_C_LANGUAGE_STANDARD = gnu11;
				GCC_DYNAMIC_NO_PIC = NO;
				GCC_NO_COMMON_BLOCKS = YES;
				GCC_OPTIMIZATION_LEVEL = 0;
				GCC_PREPROCESSOR_DEFINITIONS = (
					"DEBUG=1",
					"$(inherited)",
				);
				GCC_WARN_64_TO_32_BIT_CONVERSION = YES;
				GCC_WARN_ABOUT_RETURN_TYPE = YES_ERROR;
				GCC_WARN_UNDECLARED_SELECTOR = YES;
				GCC_WARN_UNINITIALIZED_AUTOS = YES_AGGRESSIVE;
				GCC_WARN_UNUSED_FUNCTION = YES;
				GCC_WARN_UNUSED_VARIABLE = YES;
				IPHONEOS_DEPLOYMENT_TARGET = 13.2;
				MTL_ENABLE_DEBUG_INFO = INCLUDE_SOURCE;
				MTL_FAST_MATH = YES;
				ONLY_ACTIVE_ARCH = YES;
				SDKROOT = iphoneos;
				SWIFT_ACTIVE_COMPILATION_CONDITIONS = DEBUG;
				SWIFT_OPTIMIZATION_LEVEL = "-Onone";
			};
			name = Debug;
		};
		C5481AC723F1FC3400FBCBC8 /* Release */ = {
			isa = XCBuildConfiguration;
			buildSettings = {
				ALWAYS_SEARCH_USER_PATHS = NO;
				CLANG_ANALYZER_NONNULL = YES;
				CLANG_ANALYZER_NUMBER_OBJECT_CONVERSION = YES_AGGRESSIVE;
				CLANG_CXX_LANGUAGE_STANDARD = "gnu++14";
				CLANG_CXX_LIBRARY = "libc++";
				CLANG_ENABLE_MODULES = YES;
				CLANG_ENABLE_OBJC_ARC = YES;
				CLANG_ENABLE_OBJC_WEAK = YES;
				CLANG_WARN_BLOCK_CAPTURE_AUTORELEASING = YES;
				CLANG_WARN_BOOL_CONVERSION = YES;
				CLANG_WARN_COMMA = YES;
				CLANG_WARN_CONSTANT_CONVERSION = YES;
				CLANG_WARN_DEPRECATED_OBJC_IMPLEMENTATIONS = YES;
				CLANG_WARN_DIRECT_OBJC_ISA_USAGE = YES_ERROR;
				CLANG_WARN_DOCUMENTATION_COMMENTS = YES;
				CLANG_WARN_EMPTY_BODY = YES;
				CLANG_WARN_ENUM_CONVERSION = YES;
				CLANG_WARN_INFINITE_RECURSION = YES;
				CLANG_WARN_INT_CONVERSION = YES;
				CLANG_WARN_NON_LITERAL_NULL_CONVERSION = YES;
				CLANG_WARN_OBJC_IMPLICIT_RETAIN_SELF = YES;
				CLANG_WARN_OBJC_LITERAL_CONVERSION = YES;
				CLANG_WARN_OBJC_ROOT_CLASS = YES_ERROR;
				CLANG_WARN_RANGE_LOOP_ANALYSIS = YES;
				CLANG_WARN_STRICT_PROTOTYPES = YES;
				CLANG_WARN_SUSPICIOUS_MOVE = YES;
				CLANG_WARN_UNGUARDED_AVAILABILITY = YES_AGGRESSIVE;
				CLANG_WARN_UNREACHABLE_CODE = YES;
				CLANG_WARN__DUPLICATE_METHOD_MATCH = YES;
				COPY_PHASE_STRIP = NO;
				DEBUG_INFORMATION_FORMAT = "dwarf-with-dsym";
				ENABLE_NS_ASSERTIONS = NO;
				ENABLE_STRICT_OBJC_MSGSEND = YES;
				GCC_C_LANGUAGE_STANDARD = gnu11;
				GCC_NO_COMMON_BLOCKS = YES;
				GCC_WARN_64_TO_32_BIT_CONVERSION = YES;
				GCC_WARN_ABOUT_RETURN_TYPE = YES_ERROR;
				GCC_WARN_UNDECLARED_SELECTOR = YES;
				GCC_WARN_UNINITIALIZED_AUTOS = YES_AGGRESSIVE;
				GCC_WARN_UNUSED_FUNCTION = YES;
				GCC_WARN_UNUSED_VARIABLE = YES;
				IPHONEOS_DEPLOYMENT_TARGET = 13.2;
				MTL_ENABLE_DEBUG_INFO = NO;
				MTL_FAST_MATH = YES;
				SDKROOT = iphoneos;
				SWIFT_COMPILATION_MODE = wholemodule;
				SWIFT_OPTIMIZATION_LEVEL = "-O";
				VALIDATE_PRODUCT = YES;
			};
			name = Release;
		};
		C5481AC923F1FC3400FBCBC8 /* Debug */ = {
			isa = XCBuildConfiguration;
			buildSettings = {
				ASSETCATALOG_COMPILER_APPICON_NAME = AppIcon;
				CODE_SIGN_ENTITLEMENTS = "H4X0R News/H4X0R News.entitlements";
				CODE_SIGN_STYLE = Automatic;
				DERIVE_MACCATALYST_PRODUCT_BUNDLE_IDENTIFIER = YES;
				DEVELOPMENT_ASSET_PATHS = "\"H4X0R News/Preview Content\"";
				DEVELOPMENT_TEAM = SABHXTBXAP;
				ENABLE_PREVIEWS = YES;
				INFOPLIST_FILE = "H4X0R News/Info.plist";
				LD_RUNPATH_SEARCH_PATHS = (
					"$(inherited)",
					"@executable_path/Frameworks",
				);
				PRODUCT_BUNDLE_IDENTIFIER = "com.mohadkadib.H4X0R-News";
				PRODUCT_NAME = "$(TARGET_NAME)";
				SUPPORTS_MACCATALYST = YES;
				SWIFT_VERSION = 5.0;
				TARGETED_DEVICE_FAMILY = "1,2";
			};
			name = Debug;
		};
		C5481ACA23F1FC3400FBCBC8 /* Release */ = {
			isa = XCBuildConfiguration;
			buildSettings = {
				ASSETCATALOG_COMPILER_APPICON_NAME = AppIcon;
				CODE_SIGN_ENTITLEMENTS = "H4X0R News/H4X0R News.entitlements";
				CODE_SIGN_STYLE = Automatic;
				DERIVE_MACCATALYST_PRODUCT_BUNDLE_IDENTIFIER = YES;
				DEVELOPMENT_ASSET_PATHS = "\"H4X0R News/Preview Content\"";
				DEVELOPMENT_TEAM = SABHXTBXAP;
				ENABLE_PREVIEWS = YES;
				INFOPLIST_FILE = "H4X0R News/Info.plist";
				LD_RUNPATH_SEARCH_PATHS = (
					"$(inherited)",
					"@executable_path/Frameworks",
				);
				PRODUCT_BUNDLE_IDENTIFIER = "com.mohadkadib.H4X0R-News";
				PRODUCT_NAME = "$(TARGET_NAME)";
				SUPPORTS_MACCATALYST = YES;
				SWIFT_VERSION = 5.0;
				TARGETED_DEVICE_FAMILY = "1,2";
			};
			name = Release;
		};
/* End XCBuildConfiguration section */

/* Begin XCConfigurationList section */
		C5481AAF23F1FC3400FBCBC8 /* Build configuration list for PBXProject "H4X0R News" */ = {
			isa = XCConfigurationList;
			buildConfigurations = (
				C5481AC623F1FC3400FBCBC8 /* Debug */,
				C5481AC723F1FC3400FBCBC8 /* Release */,
			);
			defaultConfigurationIsVisible = 0;
			defaultConfigurationName = Release;
		};
		C5481AC823F1FC3400FBCBC8 /* Build configuration list for PBXNativeTarget "H4X0R News" */ = {
			isa = XCConfigurationList;
			buildConfigurations = (
				C5481AC923F1FC3400FBCBC8 /* Debug */,
				C5481ACA23F1FC3400FBCBC8 /* Release */,
			);
			defaultConfigurationIsVisible = 0;
			defaultConfigurationName = Release;
		};
/* End XCConfigurationList section */
	};
	rootObject = C5481AAC23F1FC3400FBCBC8 /* Project object */;
}
